// !$*UTF8*$!
{
	archiveVersion = 1;
	classes = {
	};
	objectVersion = 46;
	objects = {

/* Begin PBXBuildFile section */
		E9433BAF205B699D00FA12C1 /* AppDelegate.swift in Sources */ = {isa = PBXBuildFile; fileRef = E9433BAE205B699D00FA12C1 /* AppDelegate.swift */; };
		E9433BB1205B699D00FA12C1 /* ViewController.swift in Sources */ = {isa = PBXBuildFile; fileRef = E9433BB0205B699D00FA12C1 /* ViewController.swift */; };
		E9433BB4205B699D00FA12C1 /* Main.storyboard in Resources */ = {isa = PBXBuildFile; fileRef = E9433BB2205B699D00FA12C1 /* Main.storyboard */; };
		E9433BB6205B699D00FA12C1 /* Assets.xcassets in Resources */ = {isa = PBXBuildFile; fileRef = E9433BB5205B699D00FA12C1 /* Assets.xcassets */; };
		E9433BB9205B699D00FA12C1 /* LaunchScreen.storyboard in Resources */ = {isa = PBXBuildFile; fileRef = E9433BB7205B699D00FA12C1 /* LaunchScreen.storyboard */; };
/* End PBXBuildFile section */

/* Begin PBXFileReference section */
		E9433BAB205B699C00FA12C1 /* ProgressDemo.app */ = {isa = PBXFileReference; explicitFileType = wrapper.application; includeInIndex = 0; path = ProgressDemo.app; sourceTree = BUILT_PRODUCTS_DIR; };
		E9433BAE205B699D00FA12C1 /* AppDelegate.swift */ = {isa = PBXFileReference; lastKnownFileType = sourcecode.swift; path = AppDelegate.swift; sourceTree = "<group>"; };
		E9433BB0205B699D00FA12C1 /* ViewController.swift */ = {isa = PBXFileReference; lastKnownFileType = sourcecode.swift; path = ViewController.swift; sourceTree = "<group>"; };
		E9433BB3205B699D00FA12C1 /* Base */ = {isa = PBXFileReference; lastKnownFileType = file.storyboard; name = Base; path = Base.lproj/Main.storyboard; sourceTree = "<group>"; };
		E9433BB5205B699D00FA12C1 /* Assets.xcassets */ = {isa = PBXFileReference; lastKnownFileType = folder.assetcatalog; path = Assets.xcassets; sourceTree = "<group>"; };
		E9433BB8205B699D00FA12C1 /* Base */ = {isa = PBXFileReference; lastKnownFileType = file.storyboard; name = Base; path = Base.lproj/LaunchScreen.storyboard; sourceTree = "<group>"; };
		E9433BBA205B699E00FA12C1 /* Info.plist */ = {isa = PBXFileReference; lastKnownFileType = text.plist.xml; path = Info.plist; sourceTree = "<group>"; };
/* End PBXFileReference section */

/* Begin PBXFrameworksBuildPhase section */
		E9433BA8205B699C00FA12C1 /* Frameworks */ = {
			isa = PBXFrameworksBuildPhase;
			buildActionMask = 2147483647;
			files = (
			);
			runOnlyForDeploymentPostprocessing = 0;
		};
/* End PBXFrameworksBuildPhase section */

/* Begin PBXGroup section */
		E9433BA2205B699C00FA12C1 = {
			isa = PBXGroup;
			children = (
				E9433BAD205B699D00FA12C1 /* ProgressDemo */,
				E9433BAC205B699C00FA12C1 /* Products */,
			);
			sourceTree = "<group>";
		};
		E9433BAC205B699C00FA12C1 /* Products */ = {
			isa = PBXGroup;
			children = (
				E9433BAB205B699C00FA12C1 /* ProgressDemo.app */,
			);
			name = Products;
			sourceTree = "<group>";
		};
		E9433BAD205B699D00FA12C1 /* ProgressDemo */ = {
			isa = PBXGroup;
			children = (
				E9433BAE205B699D00FA12C1 /* AppDelegate.swift */,
				E9433BB0205B699D00FA12C1 /* ViewController.swift */,
				E9433BB2205B699D00FA12C1 /* Main.storyboard */,
				E9433BB5205B699D00FA12C1 /* Assets.xcassets */,
				E9433BB7205B699D00FA12C1 /* LaunchScreen.storyboard */,
				E9433BBA205B699E00FA12C1 /* Info.plist */,
			);
			path = ProgressDemo;
			sourceTree = "<group>";
		};
/* End PBXGroup section */

/* Begin PBXNativeTarget section */
		E9433BAA205B699C00FA12C1 /* ProgressDemo */ = {
			isa = PBXNativeTarget;
			buildConfigurationList = E9433BBD205B699E00FA12C1 /* Build configuration list for PBXNativeTarget "ProgressDemo" */;
			buildPhases = (
				E9433BA7205B699C00FA12C1 /* Sources */,
				E9433BA8205B699C00FA12C1 /* Frameworks */,
				E9433BA9205B699C00FA12C1 /* Resources */,
			);
			buildRules = (
			);
			dependencies = (
			);
			name = ProgressDemo;
			productName = ProgressDemo;
			productReference = E9433BAB205B699C00FA12C1 /* ProgressDemo.app */;
			productType = "com.apple.product-type.application";
		};
/* End PBXNativeTarget section */

/* Begin PBXProject section */
		E9433BA3205B699C00FA12C1 /* Project object */ = {
			isa = PBXProject;
			attributes = {
				LastSwiftUpdateCheck = 0830;
				LastUpgradeCheck = 0830;
				ORGANIZATIONNAME = gdcp;
				TargetAttributes = {
					E9433BAA205B699C00FA12C1 = {
						CreatedOnToolsVersion = 8.3.3;
						ProvisioningStyle = Automatic;
					};
				};
			};
			buildConfigurationList = E9433BA6205B699C00FA12C1 /* Build configuration list for PBXProject "ProgressDemo" */;
			compatibilityVersion = "Xcode 3.2";
			developmentRegion = English;
			hasScannedForEncodings = 0;
			knownRegions = (
				en,
				Base,
			);
			mainGroup = E9433BA2205B699C00FA12C1;
			productRefGroup = E9433BAC205B699C00FA12C1 /* Products */;
			projectDirPath = "";
			projectRoot = "";
			targets = (
				E9433BAA205B699C00FA12C1 /* ProgressDemo */,
			);
		};
/* End PBXProject section */

/* Begin PBXResourcesBuildPhase section */
		E9433BA9205B699C00FA12C1 /* Resources */ = {
			isa = PBXResourcesBuildPhase;
			buildActionMask = 2147483647;
			files = (
				E9433BB9205B699D00FA12C1 /* LaunchScreen.storyboard in Resources */,
				E9433BB6205B699D00FA12C1 /* Assets.xcassets in Resources */,
				E9433BB4205B699D00FA12C1 /* Main.storyboard in Resources */,
			);
			runOnlyForDeploymentPostprocessing = 0;
		};
/* End PBXResourcesBuildPhase section */

/* Begin PBXSourcesBuildPhase section */
		E9433BA7205B699C00FA12C1 /* Sources */ = {
			isa = PBXSourcesBuildPhase;
			buildActionMask = 2147483647;
			files = (
				E9433BB1205B699D00FA12C1 /* ViewController.swift in Sources */,
				E9433BAF205B699D00FA12C1 /* AppDelegate.swift in Sources */,
			);
			runOnlyForDeploymentPostprocessing = 0;
		};
/* End PBXSourcesBuildPhase section */

/* Begin PBXVariantGroup section */
		E9433BB2205B699D00FA12C1 /* Main.storyboard */ = {
			isa = PBXVariantGroup;
			children = (
				E9433BB3205B699D00FA12C1 /* Base */,
			);
			name = Main.storyboard;
			sourceTree = "<group>";
		};
		E9433BB7205B699D00FA12C1 /* LaunchScreen.storyboard */ = {
			isa = PBXVariantGroup;
			children = (
				E9433BB8205B699D00FA12C1 /* Base */,
			);
			name = LaunchScreen.storyboard;
			sourceTree = "<group>";
		};
/* End PBXVariantGroup section */

/* Begin XCBuildConfiguration section */
		E9433BBB205B699E00FA12C1 /* Debug */ = {
			isa = XCBuildConfiguration;
			buildSettings = {
				ALWAYS_SEARCH_USER_PATHS = NO;
				CLANG_ANALYZER_NONNULL = YES;
				CLANG_ANALYZER_NUMBER_OBJECT_CONVERSION = YES_AGGRESSIVE;
				CLANG_CXX_LANGUAGE_STANDARD = "gnu++0x";
				CLANG_CXX_LIBRARY = "libc++";
				CLANG_ENABLE_MODULES = YES;
				CLANG_ENABLE_OBJC_ARC = YES;
				CLANG_WARN_BOOL_CONVERSION = YES;
				CLANG_WARN_CONSTANT_CONVERSION = YES;
				CLANG_WARN_DIRECT_OBJC_ISA_USAGE = YES_ERROR;
				CLANG_WARN_DOCUMENTATION_COMMENTS = YES;
				CLANG_WARN_EMPTY_BODY = YES;
				CLANG_WARN_ENUM_CONVERSION = YES;
				CLANG_WARN_INFINITE_RECURSION = YES;
				CLANG_WARN_INT_CONVERSION = YES;
				CLANG_WARN_OBJC_ROOT_CLASS = YES_ERROR;
				CLANG_WARN_SUSPICIOUS_MOVE = YES;
				CLANG_WARN_UNREACHABLE_CODE = YES;
				CLANG_WARN__DUPLICATE_METHOD_MATCH = YES;
				"CODE_SIGN_IDENTITY[sdk=iphoneos*]" = "iPhone Developer";
				COPY_PHASE_STRIP = NO;
				DEBUG_INFORMATION_FORMAT = dwarf;
				ENABLE_STRICT_OBJC_MSGSEND = YES;
				ENABLE_TESTABILITY = YES;
				GCC_C_LANGUAGE_STANDARD = gnu99;
				GCC_DYNAMIC_NO_PIC = NO;
				GCC_NO_COMMON_BLOCKS = YES;
				GCC_OPTIMIZATION_LEVEL = 0;
				GCC_PREPROCESSOR_DEFINITIONS = (
					"DEBUG=1",
					"$(inherited)",
				);
				GCC_WARN_64_TO_32_BIT_CONVERSION = YES;
				GCC_WARN_ABOUT_RETURN_TYPE = YES_ERROR;
				GCC_WARN_UNDECLARED_SELECTOR = YES;
				GCC_WARN_UNINITIALIZED_AUTOS = YES_AGGRESSIVE;
				GCC_WARN_UNUSED_FUNCTION = YES;
				GCC_WARN_UNUSED_VARIABLE = YES;
				IPHONEOS_DEPLOYMENT_TARGET = 10.3;
				MTL_ENABLE_DEBUG_INFO = YES;
				ONLY_ACTIVE_ARCH = YES;
				SDKROOT = iphoneos;
				SWIFT_ACTIVE_COMPILATION_CONDITIONS = DEBUG;
				SWIFT_OPTIMIZATION_LEVEL = "-Onone";
				TARGETED_DEVICE_FAMILY = "1,2";
			};
			name = Debug;
		};
		E9433BBC205B699E00FA12C1 /* Release */ = {
			isa = XCBuildConfiguration;
			buildSettings = {
				ALWAYS_SEARCH_USER_PATHS = NO;
				CLANG_ANALYZER_NONNULL = YES;
				CLANG_ANALYZER_NUMBER_OBJECT_CONVERSION = YES_AGGRESSIVE;
				CLANG_CXX_LANGUAGE_STANDARD = "gnu++0x";
				CLANG_CXX_LIBRARY = "libc++";
				CLANG_ENABLE_MODULES = YES;
				CLANG_ENABLE_OBJC_ARC = YES;
				CLANG_WARN_BOOL_CONVERSION = YES;
				CLANG_WARN_CONSTANT_CONVERSION = YES;
				CLANG_WARN_DIRECT_OBJC_ISA_USAGE = YES_ERROR;
				CLANG_WARN_DOCUMENTATION_COMMENTS = YES;
				CLANG_WARN_EMPTY_BODY = YES;
				CLANG_WARN_ENUM_CONVERSION = YES;
				CLANG_WARN_INFINITE_RECURSION = YES;
				CLANG_WARN_INT_CONVERSION = YES;
				CLANG_WARN_OBJC_ROOT_CLASS = YES_ERROR;
				CLANG_WARN_SUSPICIOUS_MOVE = YES;
				CLANG_WARN_UNREACHABLE_CODE = YES;
				CLANG_WARN__DUPLICATE_METHOD_MATCH = YES;
				"CODE_SIGN_IDENTITY[sdk=iphoneos*]" = "iPhone Developer";
				COPY_PHASE_STRIP = NO;
				DEBUG_INFORMATION_FORMAT = "dwarf-with-dsym";
				ENABLE_NS_ASSERTIONS = NO;
				ENABLE_STRICT_OBJC_MSGSEND = YES;
				GCC_C_LANGUAGE_STANDARD = gnu99;
				GCC_NO_COMMON_BLOCKS = YES;
				GCC_WARN_64_TO_32_BIT_CONVERSION = YES;
				GCC_WARN_ABOUT_RETURN_TYPE = YES_ERROR;
				GCC_WARN_UNDECLARED_SELECTOR = YES;
				GCC_WARN_UNINITIALIZED_AUTOS = YES_AGGRESSIVE;
				GCC_WARN_UNUSED_FUNCTION = YES;
				GCC_WARN_UNUSED_VARIABLE = YES;
				IPHONEOS_DEPLOYMENT_TARGET = 10.3;
				MTL_ENABLE_DEBUG_INFO = NO;
				SDKROOT = iphoneos;
				SWIFT_OPTIMIZATION_LEVEL = "-Owholemodule";
				TARGETED_DEVICE_FAMILY = "1,2";
				VALIDATE_PRODUCT = YES;
			};
			name = Release;
		};
		E9433BBE205B699E00FA12C1 /* Debug */ = {
			isa = XCBuildConfiguration;
			buildSettings = {
				ASSETCATALOG_COMPILER_APPICON_NAME = AppIcon;
				INFOPLIST_FILE = ProgressDemo/Info.plist;
				LD_RUNPATH_SEARCH_PATHS = "$(inherited) @executable_path/Frameworks";
				PRODUCT_BUNDLE_IDENTIFIER = gdcp.ProgressDemo;
				PRODUCT_NAME = "$(TARGET_NAME)";
				SWIFT_VERSION = 3.0;
			};
			name = Debug;
		};
		E9433BBF205B699E00FA12C1 /* Release */ = {
			isa = XCBuildConfiguration;
			buildSettings = {
				ASSETCATALOG_COMPILER_APPICON_NAME = AppIcon;
				INFOPLIST_FILE = ProgressDemo/Info.plist;
				LD_RUNPATH_SEARCH_PATHS = "$(inherited) @executable_path/Frameworks";
				PRODUCT_BUNDLE_IDENTIFIER = gdcp.ProgressDemo;
				PRODUCT_NAME = "$(TARGET_NAME)";
				SWIFT_VERSION = 3.0;
			};
			name = Release;
		};
/* End XCBuildConfiguration section */

/* Begin XCConfigurationList section */
		E9433BA6205B699C00FA12C1 /* Build configuration list for PBXProject "ProgressDemo" */ = {
			isa = XCConfigurationList;
			buildConfigurations = (
				E9433BBB205B699E00FA12C1 /* Debug */,
				E9433BBC205B699E00FA12C1 /* Release */,
			);
			defaultConfigurationIsVisible = 0;
			defaultConfigurationName = Release;
		};
		E9433BBD205B699E00FA12C1 /* Build configuration list for PBXNativeTarget "ProgressDemo" */ = {
			isa = XCConfigurationList;
			buildConfigurations = (
				E9433BBE205B699E00FA12C1 /* Debug */,
				E9433BBF205B699E00FA12C1 /* Release */,
			);
			defaultConfigurationIsVisible = 0;
		};
/* End XCConfigurationList section */
	};
	rootObject = E9433BA3205B699C00FA12C1 /* Project object */;
}
